directories:
    modules: .wippy
    src: .
replacements:
    - from: wippy/session
      to: ../src
modules:
    - name: wippy/agent
      version: 0.4.5
      hash: cd70676092b3d1a6982a1c999b58f3bb7aa9e9314c38f720fd5919f14d372ae9
    - name: wippy/bootloader
      version: 0.3.12
      hash: 2b6d8eba7b46ef900024d3a7dbf06bd560fad645b8b2ac6296e2a8bad42f60b9
    - name: wippy/llm
      version: 0.4.15
      hash: 590d6f0ac9e4de1c2c549cf8c5e33f886a5113fb2ed3281791d1486e99293508
    - name: wippy/migration
      version: 0.3.15
      hash: b675a9dd0bf83a48ecb696cc27ec7a9173e54c3431da89121d865751e26330d0
    - name: wippy/session
      version: 0.1.8
      hash: 7ece25b42b0f0709d9cd945636ffdadf56a025d865ca01e2c1a66fc38edc374f
    - name: wippy/terminal
      version: 0.4.2
      hash: 34b99aac2eba9c5016fd02c783117fb2b0381ce14696c7b199265458b99a3271
    - name: wippy/test
      version: 0.4.12
      hash: 23ccac1d11dbaf13d05ec0400e19189b435b892a4a18e95e69f49a22f1ceb99b
    - name: wippy/views
      version: 0.4.25
      hash: c5d409424e328cf26cd5ba7394829888642dd809d0a7e2c0ffce41291c927751
