directories:
    modules: .wippy
    src: .
modules:
    - name: wippy/agent
      version: 0.4.5
      hash: cd70676092b3d1a6982a1c999b58f3bb7aa9e9314c38f720fd5919f14d372ae9
    - name: wippy/bootloader
      version: 0.3.12
      hash: 2b6d8eba7b46ef900024d3a7dbf06bd560fad645b8b2ac6296e2a8bad42f60b9
    - name: wippy/llm
      version: 0.4.11
      hash: 1d09c98a83b2536421d27783c0873c082a04def19c6543e596021cc00a998910
    - name: wippy/migration
      version: 0.3.15
      hash: b675a9dd0bf83a48ecb696cc27ec7a9173e54c3431da89121d865751e26330d0
    - name: wippy/session
      version: 0.1.3
      hash: a35ff125df5aa37f34de70f9d2508a61079eaf3f76f028da3724854b3e39bf48
    - name: wippy/terminal
      version: 0.4.2
      hash: 34b99aac2eba9c5016fd02c783117fb2b0381ce14696c7b199265458b99a3271
    - name: wippy/test
      version: 0.4.12
      hash: 23ccac1d11dbaf13d05ec0400e19189b435b892a4a18e95e69f49a22f1ceb99b
    - name: wippy/views
      version: 0.4.25
      hash: c5d409424e328cf26cd5ba7394829888642dd809d0a7e2c0ffce41291c927751
replacements:
    - from: wippy/session
      to: ../src
options:
    unpack_modules: true
